
Microsoft Visual Studio Solution File, Format Version 12.00
# Visual Studio Version 17
VisualStudioVersion = 17.6.33829.357
MinimumVisualStudioVersion = 10.0.40219.1
Project("{FAE04EC0-301F-11D3-BF4B-00C04F79EFBC}") = "BillApp2", "BillApp2\BillApp2.csproj", "{84277F00-ABFE-4312-8CE5-88CEEE3EA69A}"
EndProject
Global
	GlobalSection(SolutionConfigurationPlatforms) = preSolution
		Debug|Any CPU = Debug|Any CPU
		Release|Any CPU = Release|Any CPU
	EndGlobalSection
	GlobalSection(ProjectConfigurationPlatforms) = postSolution
		{84277F00-ABFE-4312-8CE5-88CEEE3EA69A}.Debug|Any CPU.ActiveCfg = Debug|Any CPU
		{84277F00-ABFE-4312-8CE5-88CEEE3EA69A}.Debug|Any CPU.Build.0 = Debug|Any CPU
		{84277F00-ABFE-4312-8CE5-88CEEE3EA69A}.Release|Any CPU.ActiveCfg = Release|Any CPU
		{84277F00-ABFE-4312-8CE5-88CEEE3EA69A}.Release|Any CPU.Build.0 = Release|Any CPU
	EndGlobalSection
	GlobalSection(SolutionProperties) = preSolution
		HideSolutionNode = FALSE
	EndGlobalSection
	GlobalSection(ExtensibilityGlobals) = postSolution
		SolutionGuid = {D439C2DD-BA3C-43D1-B11D-D7A078D575BD}
	EndGlobalSection
EndGlobal
